
Microsoft Visual Studio Solution File, Format Version 12.00
# Visual Studio 15
VisualStudioVersion = 15.0.28307.705
MinimumVisualStudioVersion = 10.0.40219.1
Project("{FAE04EC0-301F-11D3-BF4B-00C04F79EFBC}") = "Task 2", "Task 2\Task 2.csproj", "{D06D6FE5-9A0B-4735-AF58-A0C18B114277}"
EndProject
Global
	GlobalSection(SolutionConfigurationPlatforms) = preSolution
		Debug|Any CPU = Debug|Any CPU
		Release|Any CPU = Release|Any CPU
	EndGlobalSection
	GlobalSection(ProjectConfigurationPlatforms) = postSolution
		{D06D6FE5-9A0B-4735-AF58-A0C18B114277}.Debug|Any CPU.ActiveCfg = Debug|Any CPU
		{D06D6FE5-9A0B-4735-AF58-A0C18B114277}.Debug|Any CPU.Build.0 = Debug|Any CPU
		{D06D6FE5-9A0B-4735-AF58-A0C18B114277}.Release|Any CPU.ActiveCfg = Release|Any CPU
		{D06D6FE5-9A0B-4735-AF58-A0C18B114277}.Release|Any CPU.Build.0 = Release|Any CPU
	EndGlobalSection
	GlobalSection(SolutionProperties) = preSolution
		HideSolutionNode = FALSE
	EndGlobalSection
	GlobalSection(ExtensibilityGlobals) = postSolution
		SolutionGuid = {6C953B05-6517-4300-8CFB-018E14D41134}
	EndGlobalSection
EndGlobal
